
Microsoft Visual Studio Solution File, Format Version 12.00
# Visual Studio Version 17
VisualStudioVersion = 17.4.33213.308
MinimumVisualStudioVersion = 10.0.40219.1
Project("{FAE04EC0-301F-11D3-BF4B-00C04F79EFBC}") = "A1.SAS.Api", "A1.SAS.Api\A1.SAS.Api.csproj", "{A594534C-ADEC-4038-B5BC-B21039EDBEE9}"
EndProject
Project("{9A19103F-16F7-4668-BE54-9A1E7A4F7556}") = "A1.SAS.Domain", "A1.SAS.Domain\A1.SAS.Domain.csproj", "{509BAE18-572A-4747-9194-D3BE6811BCB5}"
EndProject
Project("{9A19103F-16F7-4668-BE54-9A1E7A4F7556}") = "A1.SAS.Infrastructure", "A1.SAS.Infrastructure\A1.SAS.Infrastructure.csproj", "{3A9E3277-D0B2-485B-9547-A4B49BC9E103}"
EndProject
Global
	GlobalSection(SolutionConfigurationPlatforms) = preSolution
		Debug|Any CPU = Debug|Any CPU
		Release|Any CPU = Release|Any CPU
	EndGlobalSection
	GlobalSection(ProjectConfigurationPlatforms) = postSolution
		{A594534C-ADEC-4038-B5BC-B21039EDBEE9}.Debug|Any CPU.ActiveCfg = Debug|Any CPU
		{A594534C-ADEC-4038-B5BC-B21039EDBEE9}.Debug|Any CPU.Build.0 = Debug|Any CPU
		{A594534C-ADEC-4038-B5BC-B21039EDBEE9}.Release|Any CPU.ActiveCfg = Release|Any CPU
		{A594534C-ADEC-4038-B5BC-B21039EDBEE9}.Release|Any CPU.Build.0 = Release|Any CPU
		{509BAE18-572A-4747-9194-D3BE6811BCB5}.Debug|Any CPU.ActiveCfg = Debug|Any CPU
		{509BAE18-572A-4747-9194-D3BE6811BCB5}.Debug|Any CPU.Build.0 = Debug|Any CPU
		{509BAE18-572A-4747-9194-D3BE6811BCB5}.Release|Any CPU.ActiveCfg = Release|Any CPU
		{509BAE18-572A-4747-9194-D3BE6811BCB5}.Release|Any CPU.Build.0 = Release|Any CPU
		{3A9E3277-D0B2-485B-9547-A4B49BC9E103}.Debug|Any CPU.ActiveCfg = Debug|Any CPU
		{3A9E3277-D0B2-485B-9547-A4B49BC9E103}.Debug|Any CPU.Build.0 = Debug|Any CPU
		{3A9E3277-D0B2-485B-9547-A4B49BC9E103}.Release|Any CPU.ActiveCfg = Release|Any CPU
		{3A9E3277-D0B2-485B-9547-A4B49BC9E103}.Release|Any CPU.Build.0 = Release|Any CPU
	EndGlobalSection
	GlobalSection(SolutionProperties) = preSolution
		HideSolutionNode = FALSE
	EndGlobalSection
	GlobalSection(ExtensibilityGlobals) = postSolution
		SolutionGuid = {2F1644FC-EAEE-44DC-BFDB-95FAF9460384}
	EndGlobalSection
EndGlobal
